
Microsoft Visual Studio Solution File, Format Version 12.00
# Visual Studio Version 16
VisualStudioVersion = 16.0.32002.261
MinimumVisualStudioVersion = 10.0.40219.1
Project("{FAE04EC0-301F-11D3-BF4B-00C04F79EFBC}") = "LibraryManagement", "LibraryManagement\LibraryManagement.csproj", "{4A817A6F-CC83-4096-9218-46A14985172E}"
EndProject
Project("{FAE04EC0-301F-11D3-BF4B-00C04F79EFBC}") = "DataAccess", "DataAccess\DataAccess.csproj", "{3D0F9CD0-8D4C-4EC9-98FC-26F8E17398C0}"
EndProject
Project("{FAE04EC0-301F-11D3-BF4B-00C04F79EFBC}") = "Entities", "Entities\Entities.csproj", "{F1CBA89C-567F-4337-A426-99D0FAC725A1}"
EndProject
Global
	GlobalSection(SolutionConfigurationPlatforms) = preSolution
		Debug|Any CPU = Debug|Any CPU
		Release|Any CPU = Release|Any CPU
	EndGlobalSection
	GlobalSection(ProjectConfigurationPlatforms) = postSolution
		{4A817A6F-CC83-4096-9218-46A14985172E}.Debug|Any CPU.ActiveCfg = Debug|Any CPU
		{4A817A6F-CC83-4096-9218-46A14985172E}.Debug|Any CPU.Build.0 = Debug|Any CPU
		{4A817A6F-CC83-4096-9218-46A14985172E}.Release|Any CPU.ActiveCfg = Release|Any CPU
		{4A817A6F-CC83-4096-9218-46A14985172E}.Release|Any CPU.Build.0 = Release|Any CPU
		{3D0F9CD0-8D4C-4EC9-98FC-26F8E17398C0}.Debug|Any CPU.ActiveCfg = Debug|Any CPU
		{3D0F9CD0-8D4C-4EC9-98FC-26F8E17398C0}.Debug|Any CPU.Build.0 = Debug|Any CPU
		{3D0F9CD0-8D4C-4EC9-98FC-26F8E17398C0}.Release|Any CPU.ActiveCfg = Release|Any CPU
		{3D0F9CD0-8D4C-4EC9-98FC-26F8E17398C0}.Release|Any CPU.Build.0 = Release|Any CPU
		{F1CBA89C-567F-4337-A426-99D0FAC725A1}.Debug|Any CPU.ActiveCfg = Debug|Any CPU
		{F1CBA89C-567F-4337-A426-99D0FAC725A1}.Debug|Any CPU.Build.0 = Debug|Any CPU
		{F1CBA89C-567F-4337-A426-99D0FAC725A1}.Release|Any CPU.ActiveCfg = Release|Any CPU
		{F1CBA89C-567F-4337-A426-99D0FAC725A1}.Release|Any CPU.Build.0 = Release|Any CPU
	EndGlobalSection
	GlobalSection(SolutionProperties) = preSolution
		HideSolutionNode = FALSE
	EndGlobalSection
	GlobalSection(ExtensibilityGlobals) = postSolution
		SolutionGuid = {0699B919-558E-4EF2-9C6D-56C9F3F71F8C}
	EndGlobalSection
EndGlobal
